
Microsoft Visual Studio Solution File, Format Version 12.00
# Visual Studio 15
VisualStudioVersion = 15.0.26124.0
MinimumVisualStudioVersion = 15.0.26124.0
Project("{2150E333-8FDC-42A3-9474-1A3956D46DE8}") = "lib", "lib", "{556730B5-6112-4DCE-BF33-1F845EE8BD54}"
EndProject
Project("{FAE04EC0-301F-11D3-BF4B-00C04F79EFBC}") = "main", "lib\main\main.csproj", "{72A195EC-1270-4E86-9169-F06D93961DA6}"
EndProject
Project("{2150E333-8FDC-42A3-9474-1A3956D46DE8}") = "tests", "tests", "{E3733544-BD8C-4AC8-978A-286995D57B39}"
EndProject
Project("{FAE04EC0-301F-11D3-BF4B-00C04F79EFBC}") = "main.tests", "tests\main.tests\main.tests.csproj", "{926C00C2-F6DD-4631-97F9-F7CE6123F27D}"
EndProject
Global
	GlobalSection(SolutionConfigurationPlatforms) = preSolution
		Debug|Any CPU = Debug|Any CPU
		Debug|x64 = Debug|x64
		Debug|x86 = Debug|x86
		Release|Any CPU = Release|Any CPU
		Release|x64 = Release|x64
		Release|x86 = Release|x86
	EndGlobalSection
	GlobalSection(SolutionProperties) = preSolution
		HideSolutionNode = FALSE
	EndGlobalSection
	GlobalSection(ProjectConfigurationPlatforms) = postSolution
		{72A195EC-1270-4E86-9169-F06D93961DA6}.Debug|Any CPU.ActiveCfg = Debug|Any CPU
		{72A195EC-1270-4E86-9169-F06D93961DA6}.Debug|Any CPU.Build.0 = Debug|Any CPU
		{72A195EC-1270-4E86-9169-F06D93961DA6}.Debug|x64.ActiveCfg = Debug|x64
		{72A195EC-1270-4E86-9169-F06D93961DA6}.Debug|x64.Build.0 = Debug|x64
		{72A195EC-1270-4E86-9169-F06D93961DA6}.Debug|x86.ActiveCfg = Debug|x86
		{72A195EC-1270-4E86-9169-F06D93961DA6}.Debug|x86.Build.0 = Debug|x86
		{72A195EC-1270-4E86-9169-F06D93961DA6}.Release|Any CPU.ActiveCfg = Release|Any CPU
		{72A195EC-1270-4E86-9169-F06D93961DA6}.Release|Any CPU.Build.0 = Release|Any CPU
		{72A195EC-1270-4E86-9169-F06D93961DA6}.Release|x64.ActiveCfg = Release|x64
		{72A195EC-1270-4E86-9169-F06D93961DA6}.Release|x64.Build.0 = Release|x64
		{72A195EC-1270-4E86-9169-F06D93961DA6}.Release|x86.ActiveCfg = Release|x86
		{72A195EC-1270-4E86-9169-F06D93961DA6}.Release|x86.Build.0 = Release|x86
		{926C00C2-F6DD-4631-97F9-F7CE6123F27D}.Debug|Any CPU.ActiveCfg = Debug|Any CPU
		{926C00C2-F6DD-4631-97F9-F7CE6123F27D}.Debug|Any CPU.Build.0 = Debug|Any CPU
		{926C00C2-F6DD-4631-97F9-F7CE6123F27D}.Debug|x64.ActiveCfg = Debug|x64
		{926C00C2-F6DD-4631-97F9-F7CE6123F27D}.Debug|x64.Build.0 = Debug|x64
		{926C00C2-F6DD-4631-97F9-F7CE6123F27D}.Debug|x86.ActiveCfg = Debug|x86
		{926C00C2-F6DD-4631-97F9-F7CE6123F27D}.Debug|x86.Build.0 = Debug|x86
		{926C00C2-F6DD-4631-97F9-F7CE6123F27D}.Release|Any CPU.ActiveCfg = Release|Any CPU
		{926C00C2-F6DD-4631-97F9-F7CE6123F27D}.Release|Any CPU.Build.0 = Release|Any CPU
		{926C00C2-F6DD-4631-97F9-F7CE6123F27D}.Release|x64.ActiveCfg = Release|x64
		{926C00C2-F6DD-4631-97F9-F7CE6123F27D}.Release|x64.Build.0 = Release|x64
		{926C00C2-F6DD-4631-97F9-F7CE6123F27D}.Release|x86.ActiveCfg = Release|x86
		{926C00C2-F6DD-4631-97F9-F7CE6123F27D}.Release|x86.Build.0 = Release|x86
	EndGlobalSection
	GlobalSection(NestedProjects) = preSolution
		{72A195EC-1270-4E86-9169-F06D93961DA6} = {556730B5-6112-4DCE-BF33-1F845EE8BD54}
		{926C00C2-F6DD-4631-97F9-F7CE6123F27D} = {E3733544-BD8C-4AC8-978A-286995D57B39}
	EndGlobalSection
EndGlobal
